
Microsoft Visual Studio Solution File, Format Version 12.00
# Visual Studio Version 17
VisualStudioVersion = 17.12.35514.174
MinimumVisualStudioVersion = 10.0.40219.1
Project("{9A19103F-16F7-4668-BE54-9A1E7A4F7556}") = "SportPlus.BLL", "SportPlus.BLL.csproj", "{6745A005-8F37-46BD-A95D-D9FD4EB52FA1}"
EndProject
Project("{9A19103F-16F7-4668-BE54-9A1E7A4F7556}") = "SportPlus.DAL", "..\SportPlus.DAL\SportPlus.DAL.csproj", "{1BAABF99-775E-4507-AFE4-59EE1422E4BE}"
EndProject
Project("{9A19103F-16F7-4668-BE54-9A1E7A4F7556}") = "SportPlus.PLL", "..\SportPlus.PLL\SportPlus.PLL.csproj", "{374C8FE7-834F-4989-B6A9-E1871B2F4CF1}"
EndProject
Global
	GlobalSection(SolutionConfigurationPlatforms) = preSolution
		Debug|Any CPU = Debug|Any CPU
		Release|Any CPU = Release|Any CPU
	EndGlobalSection
	GlobalSection(ProjectConfigurationPlatforms) = postSolution
		{6745A005-8F37-46BD-A95D-D9FD4EB52FA1}.Debug|Any CPU.ActiveCfg = Debug|Any CPU
		{6745A005-8F37-46BD-A95D-D9FD4EB52FA1}.Debug|Any CPU.Build.0 = Debug|Any CPU
		{6745A005-8F37-46BD-A95D-D9FD4EB52FA1}.Release|Any CPU.ActiveCfg = Release|Any CPU
		{6745A005-8F37-46BD-A95D-D9FD4EB52FA1}.Release|Any CPU.Build.0 = Release|Any CPU
		{1BAABF99-775E-4507-AFE4-59EE1422E4BE}.Debug|Any CPU.ActiveCfg = Debug|Any CPU
		{1BAABF99-775E-4507-AFE4-59EE1422E4BE}.Debug|Any CPU.Build.0 = Debug|Any CPU
		{1BAABF99-775E-4507-AFE4-59EE1422E4BE}.Release|Any CPU.ActiveCfg = Release|Any CPU
		{1BAABF99-775E-4507-AFE4-59EE1422E4BE}.Release|Any CPU.Build.0 = Release|Any CPU
		{374C8FE7-834F-4989-B6A9-E1871B2F4CF1}.Debug|Any CPU.ActiveCfg = Debug|Any CPU
		{374C8FE7-834F-4989-B6A9-E1871B2F4CF1}.Debug|Any CPU.Build.0 = Debug|Any CPU
		{374C8FE7-834F-4989-B6A9-E1871B2F4CF1}.Release|Any CPU.ActiveCfg = Release|Any CPU
		{374C8FE7-834F-4989-B6A9-E1871B2F4CF1}.Release|Any CPU.Build.0 = Release|Any CPU
	EndGlobalSection
	GlobalSection(SolutionProperties) = preSolution
		HideSolutionNode = FALSE
	EndGlobalSection
EndGlobal
